
Microsoft Visual Studio Solution File, Format Version 12.00
# Visual Studio 15
VisualStudioVersion = 15.0.27004.2009
MinimumVisualStudioVersion = 10.0.40219.1
Project("{8BC9CEB8-8B4A-11D0-8D11-00A0C91BC942}") = "ScTrmClient", "ScTrmClient\ScTrmClient.vcxproj", "{8F7F037E-C32E-4599-A874-D63351F00EFE}"
EndProject
Project("{8BC9CEB8-8B4A-11D0-8D11-00A0C91BC942}") = "Platform", "..\Platform\Platform.vcxproj", "{494190CF-79B0-49D9-8DCA-BAB4CBD5A2E6}"
EndProject
Project("{8BC9CEB8-8B4A-11D0-8D11-00A0C91BC942}") = "Urchin", "..\Lib\Urchin.vcxproj", "{B432834C-EB8F-4AA7-901F-0A7113ECC657}"
EndProject
Project("{8BC9CEB8-8B4A-11D0-8D11-00A0C91BC942}") = "TrScTrmLib", "TrScTrmLib\TrScTrmLib.vcxproj", "{474A1EAE-F5BD-4F67-A6EE-368ECA187540}"
EndProject
Project("{8BC9CEB8-8B4A-11D0-8D11-00A0C91BC942}") = "PuScTrmLib", "PuScTrmLib\PuScTrmLib.vcxproj", "{2B238403-6599-4054-8980-EA17BFF76BD9}"
EndProject
Project("{8BC9CEB8-8B4A-11D0-8D11-00A0C91BC942}") = "WolfCrypt", "..\WolfCrypt\WolfCrypt.vcxproj", "{6DF7134E-C549-4D03-A60B-957DA3E3FEC6}"
EndProject
Project("{8BC9CEB8-8B4A-11D0-8D11-00A0C91BC942}") = "ScTrmProvision", "ScTrmProvision\ScTrmProvision.vcxproj", "{2AE58212-E52A-442A-A4BB-AC5E87568B08}"
EndProject
Global
	GlobalSection(SolutionConfigurationPlatforms) = preSolution
		Debug|ARM = Debug|ARM
		Debug|x64 = Debug|x64
		Debug|x86 = Debug|x86
		Release|ARM = Release|ARM
		Release|x64 = Release|x64
		Release|x86 = Release|x86
	EndGlobalSection
	GlobalSection(ProjectConfigurationPlatforms) = postSolution
		{8F7F037E-C32E-4599-A874-D63351F00EFE}.Debug|ARM.ActiveCfg = Debug|ARM
		{8F7F037E-C32E-4599-A874-D63351F00EFE}.Debug|ARM.Build.0 = Debug|ARM
		{8F7F037E-C32E-4599-A874-D63351F00EFE}.Debug|x64.ActiveCfg = Debug|x64
		{8F7F037E-C32E-4599-A874-D63351F00EFE}.Debug|x64.Build.0 = Debug|x64
		{8F7F037E-C32E-4599-A874-D63351F00EFE}.Debug|x86.ActiveCfg = Debug|Win32
		{8F7F037E-C32E-4599-A874-D63351F00EFE}.Debug|x86.Build.0 = Debug|Win32
		{8F7F037E-C32E-4599-A874-D63351F00EFE}.Release|ARM.ActiveCfg = Release|ARM
		{8F7F037E-C32E-4599-A874-D63351F00EFE}.Release|ARM.Build.0 = Release|ARM
		{8F7F037E-C32E-4599-A874-D63351F00EFE}.Release|x64.ActiveCfg = Release|x64
		{8F7F037E-C32E-4599-A874-D63351F00EFE}.Release|x64.Build.0 = Release|x64
		{8F7F037E-C32E-4599-A874-D63351F00EFE}.Release|x86.ActiveCfg = Release|Win32
		{8F7F037E-C32E-4599-A874-D63351F00EFE}.Release|x86.Build.0 = Release|Win32
		{494190CF-79B0-49D9-8DCA-BAB4CBD5A2E6}.Debug|ARM.ActiveCfg = Debug|ARM
		{494190CF-79B0-49D9-8DCA-BAB4CBD5A2E6}.Debug|ARM.Build.0 = Debug|ARM
		{494190CF-79B0-49D9-8DCA-BAB4CBD5A2E6}.Debug|x64.ActiveCfg = Debug|x64
		{494190CF-79B0-49D9-8DCA-BAB4CBD5A2E6}.Debug|x64.Build.0 = Debug|x64
		{494190CF-79B0-49D9-8DCA-BAB4CBD5A2E6}.Debug|x86.ActiveCfg = Debug|Win32
		{494190CF-79B0-49D9-8DCA-BAB4CBD5A2E6}.Debug|x86.Build.0 = Debug|Win32
		{494190CF-79B0-49D9-8DCA-BAB4CBD5A2E6}.Release|ARM.ActiveCfg = Release|ARM
		{494190CF-79B0-49D9-8DCA-BAB4CBD5A2E6}.Release|ARM.Build.0 = Release|ARM
		{494190CF-79B0-49D9-8DCA-BAB4CBD5A2E6}.Release|x64.ActiveCfg = Release|x64
		{494190CF-79B0-49D9-8DCA-BAB4CBD5A2E6}.Release|x64.Build.0 = Release|x64
		{494190CF-79B0-49D9-8DCA-BAB4CBD5A2E6}.Release|x86.ActiveCfg = Release|Win32
		{494190CF-79B0-49D9-8DCA-BAB4CBD5A2E6}.Release|x86.Build.0 = Release|Win32
		{B432834C-EB8F-4AA7-901F-0A7113ECC657}.Debug|ARM.ActiveCfg = Debug|ARM
		{B432834C-EB8F-4AA7-901F-0A7113ECC657}.Debug|ARM.Build.0 = Debug|ARM
		{B432834C-EB8F-4AA7-901F-0A7113ECC657}.Debug|x64.ActiveCfg = Debug|x64
		{B432834C-EB8F-4AA7-901F-0A7113ECC657}.Debug|x64.Build.0 = Debug|x64
		{B432834C-EB8F-4AA7-901F-0A7113ECC657}.Debug|x86.ActiveCfg = Debug|Win32
		{B432834C-EB8F-4AA7-901F-0A7113ECC657}.Debug|x86.Build.0 = Debug|Win32
		{B432834C-EB8F-4AA7-901F-0A7113ECC657}.Release|ARM.ActiveCfg = Release|ARM
		{B432834C-EB8F-4AA7-901F-0A7113ECC657}.Release|ARM.Build.0 = Release|ARM
		{B432834C-EB8F-4AA7-901F-0A7113ECC657}.Release|x64.ActiveCfg = Release|x64
		{B432834C-EB8F-4AA7-901F-0A7113ECC657}.Release|x64.Build.0 = Release|x64
		{B432834C-EB8F-4AA7-901F-0A7113ECC657}.Release|x86.ActiveCfg = Release|Win32
		{B432834C-EB8F-4AA7-901F-0A7113ECC657}.Release|x86.Build.0 = Release|Win32
		{474A1EAE-F5BD-4F67-A6EE-368ECA187540}.Debug|ARM.ActiveCfg = Debug|ARM
		{474A1EAE-F5BD-4F67-A6EE-368ECA187540}.Debug|ARM.Build.0 = Debug|ARM
		{474A1EAE-F5BD-4F67-A6EE-368ECA187540}.Debug|x64.ActiveCfg = Debug|x64
		{474A1EAE-F5BD-4F67-A6EE-368ECA187540}.Debug|x64.Build.0 = Debug|x64
		{474A1EAE-F5BD-4F67-A6EE-368ECA187540}.Debug|x86.ActiveCfg = Debug|Win32
		{474A1EAE-F5BD-4F67-A6EE-368ECA187540}.Debug|x86.Build.0 = Debug|Win32
		{474A1EAE-F5BD-4F67-A6EE-368ECA187540}.Release|ARM.ActiveCfg = Release|ARM
		{474A1EAE-F5BD-4F67-A6EE-368ECA187540}.Release|ARM.Build.0 = Release|ARM
		{474A1EAE-F5BD-4F67-A6EE-368ECA187540}.Release|x64.ActiveCfg = Release|x64
		{474A1EAE-F5BD-4F67-A6EE-368ECA187540}.Release|x64.Build.0 = Release|x64
		{474A1EAE-F5BD-4F67-A6EE-368ECA187540}.Release|x86.ActiveCfg = Release|Win32
		{474A1EAE-F5BD-4F67-A6EE-368ECA187540}.Release|x86.Build.0 = Release|Win32
		{2B238403-6599-4054-8980-EA17BFF76BD9}.Debug|ARM.ActiveCfg = Debug|ARM
		{2B238403-6599-4054-8980-EA17BFF76BD9}.Debug|ARM.Build.0 = Debug|ARM
		{2B238403-6599-4054-8980-EA17BFF76BD9}.Debug|x64.ActiveCfg = Debug|x64
		{2B238403-6599-4054-8980-EA17BFF76BD9}.Debug|x64.Build.0 = Debug|x64
		{2B238403-6599-4054-8980-EA17BFF76BD9}.Debug|x86.ActiveCfg = Debug|Win32
		{2B238403-6599-4054-8980-EA17BFF76BD9}.Debug|x86.Build.0 = Debug|Win32
		{2B238403-6599-4054-8980-EA17BFF76BD9}.Release|ARM.ActiveCfg = Release|ARM
		{2B238403-6599-4054-8980-EA17BFF76BD9}.Release|ARM.Build.0 = Release|ARM
		{2B238403-6599-4054-8980-EA17BFF76BD9}.Release|x64.ActiveCfg = Release|x64
		{2B238403-6599-4054-8980-EA17BFF76BD9}.Release|x64.Build.0 = Release|x64
		{2B238403-6599-4054-8980-EA17BFF76BD9}.Release|x86.ActiveCfg = Release|Win32
		{2B238403-6599-4054-8980-EA17BFF76BD9}.Release|x86.Build.0 = Release|Win32
		{6DF7134E-C549-4D03-A60B-957DA3E3FEC6}.Debug|ARM.ActiveCfg = Debug|ARM
		{6DF7134E-C549-4D03-A60B-957DA3E3FEC6}.Debug|ARM.Build.0 = Debug|ARM
		{6DF7134E-C549-4D03-A60B-957DA3E3FEC6}.Debug|x64.ActiveCfg = Debug|x64
		{6DF7134E-C549-4D03-A60B-957DA3E3FEC6}.Debug|x64.Build.0 = Debug|x64
		{6DF7134E-C549-4D03-A60B-957DA3E3FEC6}.Debug|x86.ActiveCfg = Debug|Win32
		{6DF7134E-C549-4D03-A60B-957DA3E3FEC6}.Debug|x86.Build.0 = Debug|Win32
		{6DF7134E-C549-4D03-A60B-957DA3E3FEC6}.Release|ARM.ActiveCfg = Release|ARM
		{6DF7134E-C549-4D03-A60B-957DA3E3FEC6}.Release|ARM.Build.0 = Release|ARM
		{6DF7134E-C549-4D03-A60B-957DA3E3FEC6}.Release|x64.ActiveCfg = Release|x64
		{6DF7134E-C549-4D03-A60B-957DA3E3FEC6}.Release|x64.Build.0 = Release|x64
		{6DF7134E-C549-4D03-A60B-957DA3E3FEC6}.Release|x86.ActiveCfg = Release|Win32
		{6DF7134E-C549-4D03-A60B-957DA3E3FEC6}.Release|x86.Build.0 = Release|Win32
		{2AE58212-E52A-442A-A4BB-AC5E87568B08}.Debug|ARM.ActiveCfg = Debug|ARM
		{2AE58212-E52A-442A-A4BB-AC5E87568B08}.Debug|ARM.Build.0 = Debug|ARM
		{2AE58212-E52A-442A-A4BB-AC5E87568B08}.Debug|x64.ActiveCfg = Debug|x64
		{2AE58212-E52A-442A-A4BB-AC5E87568B08}.Debug|x64.Build.0 = Debug|x64
		{2AE58212-E52A-442A-A4BB-AC5E87568B08}.Debug|x86.ActiveCfg = Debug|Win32
		{2AE58212-E52A-442A-A4BB-AC5E87568B08}.Debug|x86.Build.0 = Debug|Win32
		{2AE58212-E52A-442A-A4BB-AC5E87568B08}.Release|ARM.ActiveCfg = Release|ARM
		{2AE58212-E52A-442A-A4BB-AC5E87568B08}.Release|ARM.Build.0 = Release|ARM
		{2AE58212-E52A-442A-A4BB-AC5E87568B08}.Release|x64.ActiveCfg = Release|x64
		{2AE58212-E52A-442A-A4BB-AC5E87568B08}.Release|x64.Build.0 = Release|x64
		{2AE58212-E52A-442A-A4BB-AC5E87568B08}.Release|x86.ActiveCfg = Release|Win32
		{2AE58212-E52A-442A-A4BB-AC5E87568B08}.Release|x86.Build.0 = Release|Win32
	EndGlobalSection
	GlobalSection(SolutionProperties) = preSolution
		HideSolutionNode = FALSE
	EndGlobalSection
	GlobalSection(ExtensibilityGlobals) = postSolution
		SolutionGuid = {F6E49146-C14D-44DB-A0F2-6D78ACCE0A2C}
	EndGlobalSection
EndGlobal
